// !$*UTF8*$!
{
	archiveVersion = 1;
	classes = {
	};
	objectVersion = 50;
	objects = {

/* Begin PBXBuildFile section */
		0447F570273EC4A100E8B08E /* AppDelegate.swift in Sources */ = {isa = PBXBuildFile; fileRef = 0447F56F273EC4A100E8B08E /* AppDelegate.swift */; };
		0447F572273EC4A100E8B08E /* SceneDelegate.swift in Sources */ = {isa = PBXBuildFile; fileRef = 0447F571273EC4A100E8B08E /* SceneDelegate.swift */; };
		0447F574273EC4A100E8B08E /* ContentView.swift in Sources */ = {isa = PBXBuildFile; fileRef = 0447F573273EC4A100E8B08E /* ContentView.swift */; };
		0447F576273EC4A400E8B08E /* Assets.xcassets in Resources */ = {isa = PBXBuildFile; fileRef = 0447F575273EC4A400E8B08E /* Assets.xcassets */; };
		0447F579273EC4A400E8B08E /* Preview Assets.xcassets in Resources */ = {isa = PBXBuildFile; fileRef = 0447F578273EC4A400E8B08E /* Preview Assets.xcassets */; };
		0447F57C273EC4A400E8B08E /* LaunchScreen.storyboard in Resources */ = {isa = PBXBuildFile; fileRef = 0447F57A273EC4A400E8B08E /* LaunchScreen.storyboard */; };
		0447F587273EC4A400E8B08E /* hackerAppTests.swift in Sources */ = {isa = PBXBuildFile; fileRef = 0447F586273EC4A400E8B08E /* hackerAppTests.swift */; };
		0447F592273EC4A400E8B08E /* hackerAppUITests.swift in Sources */ = {isa = PBXBuildFile; fileRef = 0447F591273EC4A400E8B08E /* hackerAppUITests.swift */; };
		86C5B8D927A727F500EA6C1A /* YearsView.swift in Sources */ = {isa = PBXBuildFile; fileRef = 86C5B8D827A727F500EA6C1A /* YearsView.swift */; };
		86C5B8DE27A7F59800EA6C1A /* action.json in Resources */ = {isa = PBXBuildFile; fileRef = 86C5B8DD27A7F59800EA6C1A /* action.json */; };
		86C5B8E027A7F6B100EA6C1A /* comedy.json in Resources */ = {isa = PBXBuildFile; fileRef = 86C5B8DF27A7F6B100EA6C1A /* comedy.json */; };
		86C5B8E227A7FDDA00EA6C1A /* sci-fi.json in Resources */ = {isa = PBXBuildFile; fileRef = 86C5B8E127A7FDDA00EA6C1A /* sci-fi.json */; };
		86C5B8E427A7FEAC00EA6C1A /* western.json in Resources */ = {isa = PBXBuildFile; fileRef = 86C5B8E327A7FEAC00EA6C1A /* western.json */; };
		86C5B8E627A7FF1000EA6C1A /* thriller.json in Resources */ = {isa = PBXBuildFile; fileRef = 86C5B8E527A7FF0F00EA6C1A /* thriller.json */; };
		86C5B8E827A7FF8900EA6C1A /* horror.json in Resources */ = {isa = PBXBuildFile; fileRef = 86C5B8E727A7FF8900EA6C1A /* horror.json */; };
		86C5B8EA27A7FFBF00EA6C1A /* fantasy.json in Resources */ = {isa = PBXBuildFile; fileRef = 86C5B8E927A7FFBF00EA6C1A /* fantasy.json */; };
		86C5B8EC27A8000100EA6C1A /* criminal.json in Resources */ = {isa = PBXBuildFile; fileRef = 86C5B8EB27A8000100EA6C1A /* criminal.json */; };
		86C5B8EE27A8003C00EA6C1A /* avant-garde.json in Resources */ = {isa = PBXBuildFile; fileRef = 86C5B8ED27A8003C00EA6C1A /* avant-garde.json */; };
		86C5B8F027A8008600EA6C1A /* animated.json in Resources */ = {isa = PBXBuildFile; fileRef = 86C5B8EF27A8008600EA6C1A /* animated.json */; };
		86C5B8F727AACD3E00EA6C1A /* LengthView.swift in Sources */ = {isa = PBXBuildFile; fileRef = 86C5B8F627AACD3E00EA6C1A /* LengthView.swift */; };
		86C5B8F927AAE46800EA6C1A /* ResultView.swift in Sources */ = {isa = PBXBuildFile; fileRef = 86C5B8F827AAE46800EA6C1A /* ResultView.swift */; };
/* End PBXBuildFile section */

/* Begin PBXContainerItemProxy section */
		0447F583273EC4A400E8B08E /* PBXContainerItemProxy */ = {
			isa = PBXContainerItemProxy;
			containerPortal = 0447F564273EC4A000E8B08E /* Project object */;
			proxyType = 1;
			remoteGlobalIDString = 0447F56B273EC4A100E8B08E;
			remoteInfo = hackerApp;
		};
		0447F58E273EC4A400E8B08E /* PBXContainerItemProxy */ = {
			isa = PBXContainerItemProxy;
			containerPortal = 0447F564273EC4A000E8B08E /* Project object */;
			proxyType = 1;
			remoteGlobalIDString = 0447F56B273EC4A100E8B08E;
			remoteInfo = hackerApp;
		};
/* End PBXContainerItemProxy section */

/* Begin PBXFileReference section */
		0447F56C273EC4A100E8B08E /* SomethingToWatch.app */ = {isa = PBXFileReference; explicitFileType = wrapper.application; includeInIndex = 0; path = SomethingToWatch.app; sourceTree = BUILT_PRODUCTS_DIR; };
		0447F56F273EC4A100E8B08E /* AppDelegate.swift */ = {isa = PBXFileReference; lastKnownFileType = sourcecode.swift; path = AppDelegate.swift; sourceTree = "<group>"; };
		0447F571273EC4A100E8B08E /* SceneDelegate.swift */ = {isa = PBXFileReference; lastKnownFileType = sourcecode.swift; path = SceneDelegate.swift; sourceTree = "<group>"; };
		0447F573273EC4A100E8B08E /* ContentView.swift */ = {isa = PBXFileReference; lastKnownFileType = sourcecode.swift; path = ContentView.swift; sourceTree = "<group>"; };
		0447F575273EC4A400E8B08E /* Assets.xcassets */ = {isa = PBXFileReference; lastKnownFileType = folder.assetcatalog; path = Assets.xcassets; sourceTree = "<group>"; };
		0447F578273EC4A400E8B08E /* Preview Assets.xcassets */ = {isa = PBXFileReference; lastKnownFileType = folder.assetcatalog; path = "Preview Assets.xcassets"; sourceTree = "<group>"; };
		0447F57B273EC4A400E8B08E /* Base */ = {isa = PBXFileReference; lastKnownFileType = file.storyboard; name = Base; path = Base.lproj/LaunchScreen.storyboard; sourceTree = "<group>"; };
		0447F57D273EC4A400E8B08E /* Info.plist */ = {isa = PBXFileReference; lastKnownFileType = text.plist.xml; path = Info.plist; sourceTree = "<group>"; };
		0447F582273EC4A400E8B08E /* SomethingToWatchTests.xctest */ = {isa = PBXFileReference; explicitFileType = wrapper.cfbundle; includeInIndex = 0; path = SomethingToWatchTests.xctest; sourceTree = BUILT_PRODUCTS_DIR; };
		0447F586273EC4A400E8B08E /* hackerAppTests.swift */ = {isa = PBXFileReference; lastKnownFileType = sourcecode.swift; path = hackerAppTests.swift; sourceTree = "<group>"; };
		0447F588273EC4A400E8B08E /* Info.plist */ = {isa = PBXFileReference; lastKnownFileType = text.plist.xml; path = Info.plist; sourceTree = "<group>"; };
		0447F58D273EC4A400E8B08E /* SomethingToWatchUITests.xctest */ = {isa = PBXFileReference; explicitFileType = wrapper.cfbundle; includeInIndex = 0; path = SomethingToWatchUITests.xctest; sourceTree = BUILT_PRODUCTS_DIR; };
		0447F591273EC4A400E8B08E /* hackerAppUITests.swift */ = {isa = PBXFileReference; lastKnownFileType = sourcecode.swift; path = hackerAppUITests.swift; sourceTree = "<group>"; };
		0447F593273EC4A400E8B08E /* Info.plist */ = {isa = PBXFileReference; lastKnownFileType = text.plist.xml; path = Info.plist; sourceTree = "<group>"; };
		86C5B8D827A727F500EA6C1A /* YearsView.swift */ = {isa = PBXFileReference; lastKnownFileType = sourcecode.swift; path = YearsView.swift; sourceTree = "<group>"; };
		86C5B8DD27A7F59800EA6C1A /* action.json */ = {isa = PBXFileReference; lastKnownFileType = text.json; path = action.json; sourceTree = "<group>"; };
		86C5B8DF27A7F6B100EA6C1A /* comedy.json */ = {isa = PBXFileReference; lastKnownFileType = text.json; path = comedy.json; sourceTree = "<group>"; };
		86C5B8E127A7FDDA00EA6C1A /* sci-fi.json */ = {isa = PBXFileReference; lastKnownFileType = text.json; path = "sci-fi.json"; sourceTree = "<group>"; };
		86C5B8E327A7FEAC00EA6C1A /* western.json */ = {isa = PBXFileReference; lastKnownFileType = text.json; path = western.json; sourceTree = "<group>"; };
		86C5B8E527A7FF0F00EA6C1A /* thriller.json */ = {isa = PBXFileReference; lastKnownFileType = text.json; path = thriller.json; sourceTree = "<group>"; };
		86C5B8E727A7FF8900EA6C1A /* horror.json */ = {isa = PBXFileReference; lastKnownFileType = text.json; path = horror.json; sourceTree = "<group>"; };
		86C5B8E927A7FFBF00EA6C1A /* fantasy.json */ = {isa = PBXFileReference; lastKnownFileType = text.json; path = fantasy.json; sourceTree = "<group>"; };
		86C5B8EB27A8000100EA6C1A /* criminal.json */ = {isa = PBXFileReference; lastKnownFileType = text.json; path = criminal.json; sourceTree = "<group>"; };
		86C5B8ED27A8003C00EA6C1A /* avant-garde.json */ = {isa = PBXFileReference; lastKnownFileType = text.json; path = "avant-garde.json"; sourceTree = "<group>"; };
		86C5B8EF27A8008600EA6C1A /* animated.json */ = {isa = PBXFileReference; lastKnownFileType = text.json; path = animated.json; sourceTree = "<group>"; };
		86C5B8F627AACD3E00EA6C1A /* LengthView.swift */ = {isa = PBXFileReference; lastKnownFileType = sourcecode.swift; path = LengthView.swift; sourceTree = "<group>"; };
		86C5B8F827AAE46800EA6C1A /* ResultView.swift */ = {isa = PBXFileReference; lastKnownFileType = sourcecode.swift; path = ResultView.swift; sourceTree = "<group>"; };
/* End PBXFileReference section */

/* Begin PBXFrameworksBuildPhase section */
		0447F569273EC4A100E8B08E /* Frameworks */ = {
			isa = PBXFrameworksBuildPhase;
			buildActionMask = 2147483647;
			files = (
			);
			runOnlyForDeploymentPostprocessing = 0;
		};
		0447F57F273EC4A400E8B08E /* Frameworks */ = {
			isa = PBXFrameworksBuildPhase;
			buildActionMask = 2147483647;
			files = (
			);
			runOnlyForDeploymentPostprocessing = 0;
		};
		0447F58A273EC4A400E8B08E /* Frameworks */ = {
			isa = PBXFrameworksBuildPhase;
			buildActionMask = 2147483647;
			files = (
			);
			runOnlyForDeploymentPostprocessing = 0;
		};
/* End PBXFrameworksBuildPhase section */

/* Begin PBXGroup section */
		0447F563273EC4A000E8B08E = {
			isa = PBXGroup;
			children = (
				0447F56E273EC4A100E8B08E /* SomethingToWatch */,
				0447F585273EC4A400E8B08E /* SomethingToWatchTests */,
				0447F590273EC4A400E8B08E /* SomethingToWatchUITests */,
				0447F56D273EC4A100E8B08E /* Products */,
			);
			sourceTree = "<group>";
		};
		0447F56D273EC4A100E8B08E /* Products */ = {
			isa = PBXGroup;
			children = (
				0447F56C273EC4A100E8B08E /* SomethingToWatch.app */,
				0447F582273EC4A400E8B08E /* SomethingToWatchTests.xctest */,
				0447F58D273EC4A400E8B08E /* SomethingToWatchUITests.xctest */,
			);
			name = Products;
			sourceTree = "<group>";
		};
		0447F56E273EC4A100E8B08E /* SomethingToWatch */ = {
			isa = PBXGroup;
			children = (
				86C5B8F127A8915C00EA6C1A /* Models */,
				86C5B8DA27A7E35900EA6C1A /* Managers */,
				86C5B8D427A6F1B700EA6C1A /* Decodables */,
				0447F56F273EC4A100E8B08E /* AppDelegate.swift */,
				0447F571273EC4A100E8B08E /* SceneDelegate.swift */,
				86C5B8D727A727B300EA6C1A /* Views */,
				0447F575273EC4A400E8B08E /* Assets.xcassets */,
				0447F57A273EC4A400E8B08E /* LaunchScreen.storyboard */,
				0447F57D273EC4A400E8B08E /* Info.plist */,
				0447F577273EC4A400E8B08E /* Preview Content */,
				86C5B8DD27A7F59800EA6C1A /* action.json */,
				86C5B8DF27A7F6B100EA6C1A /* comedy.json */,
				86C5B8E127A7FDDA00EA6C1A /* sci-fi.json */,
				86C5B8E327A7FEAC00EA6C1A /* western.json */,
				86C5B8E527A7FF0F00EA6C1A /* thriller.json */,
				86C5B8E727A7FF8900EA6C1A /* horror.json */,
				86C5B8E927A7FFBF00EA6C1A /* fantasy.json */,
				86C5B8EB27A8000100EA6C1A /* criminal.json */,
				86C5B8ED27A8003C00EA6C1A /* avant-garde.json */,
				86C5B8EF27A8008600EA6C1A /* animated.json */,
			);
			path = SomethingToWatch;
			sourceTree = "<group>";
		};
		0447F577273EC4A400E8B08E /* Preview Content */ = {
			isa = PBXGroup;
			children = (
				0447F578273EC4A400E8B08E /* Preview Assets.xcassets */,
			);
			path = "Preview Content";
			sourceTree = "<group>";
		};
		0447F585273EC4A400E8B08E /* SomethingToWatchTests */ = {
			isa = PBXGroup;
			children = (
				0447F586273EC4A400E8B08E /* hackerAppTests.swift */,
				0447F588273EC4A400E8B08E /* Info.plist */,
			);
			path = SomethingToWatchTests;
			sourceTree = "<group>";
		};
		0447F590273EC4A400E8B08E /* SomethingToWatchUITests */ = {
			isa = PBXGroup;
			children = (
				0447F591273EC4A400E8B08E /* hackerAppUITests.swift */,
				0447F593273EC4A400E8B08E /* Info.plist */,
			);
			path = SomethingToWatchUITests;
			sourceTree = "<group>";
		};
		86C5B8D427A6F1B700EA6C1A /* Decodables */ = {
			isa = PBXGroup;
			children = (
			);
			path = Decodables;
			sourceTree = "<group>";
		};
		86C5B8D727A727B300EA6C1A /* Views */ = {
			isa = PBXGroup;
			children = (
				0447F573273EC4A100E8B08E /* ContentView.swift */,
				86C5B8D827A727F500EA6C1A /* YearsView.swift */,
				86C5B8F627AACD3E00EA6C1A /* LengthView.swift */,
				86C5B8F827AAE46800EA6C1A /* ResultView.swift */,
			);
			path = Views;
			sourceTree = "<group>";
		};
		86C5B8DA27A7E35900EA6C1A /* Managers */ = {
			isa = PBXGroup;
			children = (
			);
			path = Managers;
			sourceTree = "<group>";
		};
		86C5B8F127A8915C00EA6C1A /* Models */ = {
			isa = PBXGroup;
			children = (
			);
			path = Models;
			sourceTree = "<group>";
		};
/* End PBXGroup section */

/* Begin PBXNativeTarget section */
		0447F56B273EC4A100E8B08E /* SomethingToWatch */ = {
			isa = PBXNativeTarget;
			buildConfigurationList = 0447F596273EC4A400E8B08E /* Build configuration list for PBXNativeTarget "SomethingToWatch" */;
			buildPhases = (
				0447F568273EC4A100E8B08E /* Sources */,
				0447F569273EC4A100E8B08E /* Frameworks */,
				0447F56A273EC4A100E8B08E /* Resources */,
			);
			buildRules = (
			);
			dependencies = (
			);
			name = SomethingToWatch;
			productName = hackerApp;
			productReference = 0447F56C273EC4A100E8B08E /* SomethingToWatch.app */;
			productType = "com.apple.product-type.application";
		};
		0447F581273EC4A400E8B08E /* SomethingToWatchTests */ = {
			isa = PBXNativeTarget;
			buildConfigurationList = 0447F599273EC4A400E8B08E /* Build configuration list for PBXNativeTarget "SomethingToWatchTests" */;
			buildPhases = (
				0447F57E273EC4A400E8B08E /* Sources */,
				0447F57F273EC4A400E8B08E /* Frameworks */,
				0447F580273EC4A400E8B08E /* Resources */,
			);
			buildRules = (
			);
			dependencies = (
				0447F584273EC4A400E8B08E /* PBXTargetDependency */,
			);
			name = SomethingToWatchTests;
			productName = hackerAppTests;
			productReference = 0447F582273EC4A400E8B08E /* SomethingToWatchTests.xctest */;
			productType = "com.apple.product-type.bundle.unit-test";
		};
		0447F58C273EC4A400E8B08E /* SomethingToWatchUITests */ = {
			isa = PBXNativeTarget;
			buildConfigurationList = 0447F59C273EC4A400E8B08E /* Build configuration list for PBXNativeTarget "SomethingToWatchUITests" */;
			buildPhases = (
				0447F589273EC4A400E8B08E /* Sources */,
				0447F58A273EC4A400E8B08E /* Frameworks */,
				0447F58B273EC4A400E8B08E /* Resources */,
			);
			buildRules = (
			);
			dependencies = (
				0447F58F273EC4A400E8B08E /* PBXTargetDependency */,
			);
			name = SomethingToWatchUITests;
			productName = hackerAppUITests;
			productReference = 0447F58D273EC4A400E8B08E /* SomethingToWatchUITests.xctest */;
			productType = "com.apple.product-type.bundle.ui-testing";
		};
/* End PBXNativeTarget section */

/* Begin PBXProject section */
		0447F564273EC4A000E8B08E /* Project object */ = {
			isa = PBXProject;
			attributes = {
				LastSwiftUpdateCheck = 1250;
				LastUpgradeCheck = 1250;
				TargetAttributes = {
					0447F56B273EC4A100E8B08E = {
						CreatedOnToolsVersion = 12.5.1;
					};
					0447F581273EC4A400E8B08E = {
						CreatedOnToolsVersion = 12.5.1;
						TestTargetID = 0447F56B273EC4A100E8B08E;
					};
					0447F58C273EC4A400E8B08E = {
						CreatedOnToolsVersion = 12.5.1;
						TestTargetID = 0447F56B273EC4A100E8B08E;
					};
				};
			};
			buildConfigurationList = 0447F567273EC4A000E8B08E /* Build configuration list for PBXProject "SomethingToWatch" */;
			compatibilityVersion = "Xcode 9.3";
			developmentRegion = en;
			hasScannedForEncodings = 0;
			knownRegions = (
				en,
				Base,
			);
			mainGroup = 0447F563273EC4A000E8B08E;
			productRefGroup = 0447F56D273EC4A100E8B08E /* Products */;
			projectDirPath = "";
			projectRoot = "";
			targets = (
				0447F56B273EC4A100E8B08E /* SomethingToWatch */,
				0447F581273EC4A400E8B08E /* SomethingToWatchTests */,
				0447F58C273EC4A400E8B08E /* SomethingToWatchUITests */,
			);
		};
/* End PBXProject section */

/* Begin PBXResourcesBuildPhase section */
		0447F56A273EC4A100E8B08E /* Resources */ = {
			isa = PBXResourcesBuildPhase;
			buildActionMask = 2147483647;
			files = (
				86C5B8E027A7F6B100EA6C1A /* comedy.json in Resources */,
				86C5B8EA27A7FFBF00EA6C1A /* fantasy.json in Resources */,
				86C5B8E227A7FDDA00EA6C1A /* sci-fi.json in Resources */,
				86C5B8E427A7FEAC00EA6C1A /* western.json in Resources */,
				86C5B8EC27A8000100EA6C1A /* criminal.json in Resources */,
				86C5B8EE27A8003C00EA6C1A /* avant-garde.json in Resources */,
				86C5B8DE27A7F59800EA6C1A /* action.json in Resources */,
				0447F57C273EC4A400E8B08E /* LaunchScreen.storyboard in Resources */,
				86C5B8F027A8008600EA6C1A /* animated.json in Resources */,
				86C5B8E827A7FF8900EA6C1A /* horror.json in Resources */,
				0447F579273EC4A400E8B08E /* Preview Assets.xcassets in Resources */,
				86C5B8E627A7FF1000EA6C1A /* thriller.json in Resources */,
				0447F576273EC4A400E8B08E /* Assets.xcassets in Resources */,
			);
			runOnlyForDeploymentPostprocessing = 0;
		};
		0447F580273EC4A400E8B08E /* Resources */ = {
			isa = PBXResourcesBuildPhase;
			buildActionMask = 2147483647;
			files = (
			);
			runOnlyForDeploymentPostprocessing = 0;
		};
		0447F58B273EC4A400E8B08E /* Resources */ = {
			isa = PBXResourcesBuildPhase;
			buildActionMask = 2147483647;
			files = (
			);
			runOnlyForDeploymentPostprocessing = 0;
		};
/* End PBXResourcesBuildPhase section */

/* Begin PBXSourcesBuildPhase section */
		0447F568273EC4A100E8B08E /* Sources */ = {
			isa = PBXSourcesBuildPhase;
			buildActionMask = 2147483647;
			files = (
				0447F570273EC4A100E8B08E /* AppDelegate.swift in Sources */,
				0447F572273EC4A100E8B08E /* SceneDelegate.swift in Sources */,
				86C5B8F727AACD3E00EA6C1A /* LengthView.swift in Sources */,
				0447F574273EC4A100E8B08E /* ContentView.swift in Sources */,
				86C5B8D927A727F500EA6C1A /* YearsView.swift in Sources */,
				86C5B8F927AAE46800EA6C1A /* ResultView.swift in Sources */,
			);
			runOnlyForDeploymentPostprocessing = 0;
		};
		0447F57E273EC4A400E8B08E /* Sources */ = {
			isa = PBXSourcesBuildPhase;
			buildActionMask = 2147483647;
			files = (
				0447F587273EC4A400E8B08E /* hackerAppTests.swift in Sources */,
			);
			runOnlyForDeploymentPostprocessing = 0;
		};
		0447F589273EC4A400E8B08E /* Sources */ = {
			isa = PBXSourcesBuildPhase;
			buildActionMask = 2147483647;
			files = (
				0447F592273EC4A400E8B08E /* hackerAppUITests.swift in Sources */,
			);
			runOnlyForDeploymentPostprocessing = 0;
		};
/* End PBXSourcesBuildPhase section */

/* Begin PBXTargetDependency section */
		0447F584273EC4A400E8B08E /* PBXTargetDependency */ = {
			isa = PBXTargetDependency;
			target = 0447F56B273EC4A100E8B08E /* SomethingToWatch */;
			targetProxy = 0447F583273EC4A400E8B08E /* PBXContainerItemProxy */;
		};
		0447F58F273EC4A400E8B08E /* PBXTargetDependency */ = {
			isa = PBXTargetDependency;
			target = 0447F56B273EC4A100E8B08E /* SomethingToWatch */;
			targetProxy = 0447F58E273EC4A400E8B08E /* PBXContainerItemProxy */;
		};
/* End PBXTargetDependency section */

/* Begin PBXVariantGroup section */
		0447F57A273EC4A400E8B08E /* LaunchScreen.storyboard */ = {
			isa = PBXVariantGroup;
			children = (
				0447F57B273EC4A400E8B08E /* Base */,
			);
			name = LaunchScreen.storyboard;
			sourceTree = "<group>";
		};
/* End PBXVariantGroup section */

/* Begin XCBuildConfiguration section */
		0447F594273EC4A400E8B08E /* Debug */ = {
			isa = XCBuildConfiguration;
			buildSettings = {
				ALWAYS_SEARCH_USER_PATHS = NO;
				CLANG_ANALYZER_NONNULL = YES;
				CLANG_ANALYZER_NUMBER_OBJECT_CONVERSION = YES_AGGRESSIVE;
				CLANG_CXX_LANGUAGE_STANDARD = "gnu++14";
				CLANG_CXX_LIBRARY = "libc++";
				CLANG_ENABLE_MODULES = YES;
				CLANG_ENABLE_OBJC_ARC = YES;
				CLANG_ENABLE_OBJC_WEAK = YES;
				CLANG_WARN_BLOCK_CAPTURE_AUTORELEASING = YES;
				CLANG_WARN_BOOL_CONVERSION = YES;
				CLANG_WARN_COMMA = YES;
				CLANG_WARN_CONSTANT_CONVERSION = YES;
				CLANG_WARN_DEPRECATED_OBJC_IMPLEMENTATIONS = YES;
				CLANG_WARN_DIRECT_OBJC_ISA_USAGE = YES_ERROR;
				CLANG_WARN_DOCUMENTATION_COMMENTS = YES;
				CLANG_WARN_EMPTY_BODY = YES;
				CLANG_WARN_ENUM_CONVERSION = YES;
				CLANG_WARN_INFINITE_RECURSION = YES;
				CLANG_WARN_INT_CONVERSION = YES;
				CLANG_WARN_NON_LITERAL_NULL_CONVERSION = YES;
				CLANG_WARN_OBJC_IMPLICIT_RETAIN_SELF = YES;
				CLANG_WARN_OBJC_LITERAL_CONVERSION = YES;
				CLANG_WARN_OBJC_ROOT_CLASS = YES_ERROR;
				CLANG_WARN_QUOTED_INCLUDE_IN_FRAMEWORK_HEADER = YES;
				CLANG_WARN_RANGE_LOOP_ANALYSIS = YES;
				CLANG_WARN_STRICT_PROTOTYPES = YES;
				CLANG_WARN_SUSPICIOUS_MOVE = YES;
				CLANG_WARN_UNGUARDED_AVAILABILITY = YES_AGGRESSIVE;
				CLANG_WARN_UNREACHABLE_CODE = YES;
				CLANG_WARN__DUPLICATE_METHOD_MATCH = YES;
				COPY_PHASE_STRIP = NO;
				DEBUG_INFORMATION_FORMAT = dwarf;
				ENABLE_STRICT_OBJC_MSGSEND = YES;
				ENABLE_TESTABILITY = YES;
				GCC_C_LANGUAGE_STANDARD = gnu11;
				GCC_DYNAMIC_NO_PIC = NO;
				GCC_NO_COMMON_BLOCKS = YES;
				GCC_OPTIMIZATION_LEVEL = 0;
				GCC_PREPROCESSOR_DEFINITIONS = (
					"DEBUG=1",
					"$(inherited)",
				);
				GCC_WARN_64_TO_32_BIT_CONVERSION = YES;
				GCC_WARN_ABOUT_RETURN_TYPE = YES_ERROR;
				GCC_WARN_UNDECLARED_SELECTOR = YES;
				GCC_WARN_UNINITIALIZED_AUTOS = YES_AGGRESSIVE;
				GCC_WARN_UNUSED_FUNCTION = YES;
				GCC_WARN_UNUSED_VARIABLE = YES;
				IPHONEOS_DEPLOYMENT_TARGET = 14.5;
				MTL_ENABLE_DEBUG_INFO = INCLUDE_SOURCE;
				MTL_FAST_MATH = YES;
				ONLY_ACTIVE_ARCH = YES;
				SDKROOT = iphoneos;
				SWIFT_ACTIVE_COMPILATION_CONDITIONS = DEBUG;
				SWIFT_OPTIMIZATION_LEVEL = "-Onone";
			};
			name = Debug;
		};
		0447F595273EC4A400E8B08E /* Release */ = {
			isa = XCBuildConfiguration;
			buildSettings = {
				ALWAYS_SEARCH_USER_PATHS = NO;
				CLANG_ANALYZER_NONNULL = YES;
				CLANG_ANALYZER_NUMBER_OBJECT_CONVERSION = YES_AGGRESSIVE;
				CLANG_CXX_LANGUAGE_STANDARD = "gnu++14";
				CLANG_CXX_LIBRARY = "libc++";
				CLANG_ENABLE_MODULES = YES;
				CLANG_ENABLE_OBJC_ARC = YES;
				CLANG_ENABLE_OBJC_WEAK = YES;
				CLANG_WARN_BLOCK_CAPTURE_AUTORELEASING = YES;
				CLANG_WARN_BOOL_CONVERSION = YES;
				CLANG_WARN_COMMA = YES;
				CLANG_WARN_CONSTANT_CONVERSION = YES;
				CLANG_WARN_DEPRECATED_OBJC_IMPLEMENTATIONS = YES;
				CLANG_WARN_DIRECT_OBJC_ISA_USAGE = YES_ERROR;
				CLANG_WARN_DOCUMENTATION_COMMENTS = YES;
				CLANG_WARN_EMPTY_BODY = YES;
				CLANG_WARN_ENUM_CONVERSION = YES;
				CLANG_WARN_INFINITE_RECURSION = YES;
				CLANG_WARN_INT_CONVERSION = YES;
				CLANG_WARN_NON_LITERAL_NULL_CONVERSION = YES;
				CLANG_WARN_OBJC_IMPLICIT_RETAIN_SELF = YES;
				CLANG_WARN_OBJC_LITERAL_CONVERSION = YES;
				CLANG_WARN_OBJC_ROOT_CLASS = YES_ERROR;
				CLANG_WARN_QUOTED_INCLUDE_IN_FRAMEWORK_HEADER = YES;
				CLANG_WARN_RANGE_LOOP_ANALYSIS = YES;
				CLANG_WARN_STRICT_PROTOTYPES = YES;
				CLANG_WARN_SUSPICIOUS_MOVE = YES;
				CLANG_WARN_UNGUARDED_AVAILABILITY = YES_AGGRESSIVE;
				CLANG_WARN_UNREACHABLE_CODE = YES;
				CLANG_WARN__DUPLICATE_METHOD_MATCH = YES;
				COPY_PHASE_STRIP = NO;
				DEBUG_INFORMATION_FORMAT = "dwarf-with-dsym";
				ENABLE_NS_ASSERTIONS = NO;
				ENABLE_STRICT_OBJC_MSGSEND = YES;
				GCC_C_LANGUAGE_STANDARD = gnu11;
				GCC_NO_COMMON_BLOCKS = YES;
				GCC_WARN_64_TO_32_BIT_CONVERSION = YES;
				GCC_WARN_ABOUT_RETURN_TYPE = YES_ERROR;
				GCC_WARN_UNDECLARED_SELECTOR = YES;
				GCC_WARN_UNINITIALIZED_AUTOS = YES_AGGRESSIVE;
				GCC_WARN_UNUSED_FUNCTION = YES;
				GCC_WARN_UNUSED_VARIABLE = YES;
				IPHONEOS_DEPLOYMENT_TARGET = 14.5;
				MTL_ENABLE_DEBUG_INFO = NO;
				MTL_FAST_MATH = YES;
				SDKROOT = iphoneos;
				SWIFT_COMPILATION_MODE = wholemodule;
				SWIFT_OPTIMIZATION_LEVEL = "-O";
				VALIDATE_PRODUCT = YES;
			};
			name = Release;
		};
		0447F597273EC4A400E8B08E /* Debug */ = {
			isa = XCBuildConfiguration;
			buildSettings = {
				ASSETCATALOG_COMPILER_APPICON_NAME = AppIcon;
				ASSETCATALOG_COMPILER_GLOBAL_ACCENT_COLOR_NAME = AccentColor;
				CODE_SIGN_STYLE = Automatic;
				DEVELOPMENT_ASSET_PATHS = "\"SomethingToWatch/Preview Content\"";
				DEVELOPMENT_TEAM = S37PCXXY8Q;
				ENABLE_PREVIEWS = YES;
				INFOPLIST_FILE = SomethingToWatch/Info.plist;
				IPHONEOS_DEPLOYMENT_TARGET = 15.0;
				LD_RUNPATH_SEARCH_PATHS = (
					"$(inherited)",
					"@executable_path/Frameworks",
				);
				PRODUCT_BUNDLE_IDENTIFIER = com.bartoszklimek.SomethingToWatch;
				PRODUCT_NAME = "$(TARGET_NAME)";
				SWIFT_VERSION = 5.0;
				TARGETED_DEVICE_FAMILY = "1,2";
			};
			name = Debug;
		};
		0447F598273EC4A400E8B08E /* Release */ = {
			isa = XCBuildConfiguration;
			buildSettings = {
				ASSETCATALOG_COMPILER_APPICON_NAME = AppIcon;
				ASSETCATALOG_COMPILER_GLOBAL_ACCENT_COLOR_NAME = AccentColor;
				CODE_SIGN_STYLE = Automatic;
				DEVELOPMENT_ASSET_PATHS = "\"SomethingToWatch/Preview Content\"";
				DEVELOPMENT_TEAM = S37PCXXY8Q;
				ENABLE_PREVIEWS = YES;
				INFOPLIST_FILE = SomethingToWatch/Info.plist;
				IPHONEOS_DEPLOYMENT_TARGET = 15.0;
				LD_RUNPATH_SEARCH_PATHS = (
					"$(inherited)",
					"@executable_path/Frameworks",
				);
				PRODUCT_BUNDLE_IDENTIFIER = com.bartoszklimek.SomethingToWatch;
				PRODUCT_NAME = "$(TARGET_NAME)";
				SWIFT_VERSION = 5.0;
				TARGETED_DEVICE_FAMILY = "1,2";
			};
			name = Release;
		};
		0447F59A273EC4A400E8B08E /* Debug */ = {
			isa = XCBuildConfiguration;
			buildSettings = {
				ALWAYS_EMBED_SWIFT_STANDARD_LIBRARIES = YES;
				BUNDLE_LOADER = "$(TEST_HOST)";
				CODE_SIGN_STYLE = Automatic;
				DEVELOPMENT_TEAM = S37PCXXY8Q;
				INFOPLIST_FILE = hackerAppTests/Info.plist;
				IPHONEOS_DEPLOYMENT_TARGET = 14.5;
				LD_RUNPATH_SEARCH_PATHS = (
					"$(inherited)",
					"@executable_path/Frameworks",
					"@loader_path/Frameworks",
				);
				PRODUCT_BUNDLE_IDENTIFIER = com.MyNewIOSProject.hackerAppTests;
				PRODUCT_NAME = "$(TARGET_NAME)";
				SWIFT_VERSION = 5.0;
				TARGETED_DEVICE_FAMILY = "1,2";
				TEST_HOST = "$(BUILT_PRODUCTS_DIR)/SomethingToWatch.app/SomethingToWatch";
			};
			name = Debug;
		};
		0447F59B273EC4A400E8B08E /* Release */ = {
			isa = XCBuildConfiguration;
			buildSettings = {
				ALWAYS_EMBED_SWIFT_STANDARD_LIBRARIES = YES;
				BUNDLE_LOADER = "$(TEST_HOST)";
				CODE_SIGN_STYLE = Automatic;
				DEVELOPMENT_TEAM = S37PCXXY8Q;
				INFOPLIST_FILE = hackerAppTests/Info.plist;
				IPHONEOS_DEPLOYMENT_TARGET = 14.5;
				LD_RUNPATH_SEARCH_PATHS = (
					"$(inherited)",
					"@executable_path/Frameworks",
					"@loader_path/Frameworks",
				);
				PRODUCT_BUNDLE_IDENTIFIER = com.MyNewIOSProject.hackerAppTests;
				PRODUCT_NAME = "$(TARGET_NAME)";
				SWIFT_VERSION = 5.0;
				TARGETED_DEVICE_FAMILY = "1,2";
				TEST_HOST = "$(BUILT_PRODUCTS_DIR)/SomethingToWatch.app/SomethingToWatch";
			};
			name = Release;
		};
		0447F59D273EC4A400E8B08E /* Debug */ = {
			isa = XCBuildConfiguration;
			buildSettings = {
				ALWAYS_EMBED_SWIFT_STANDARD_LIBRARIES = YES;
				CODE_SIGN_STYLE = Automatic;
				DEVELOPMENT_TEAM = S37PCXXY8Q;
				INFOPLIST_FILE = hackerAppUITests/Info.plist;
				LD_RUNPATH_SEARCH_PATHS = (
					"$(inherited)",
					"@executable_path/Frameworks",
					"@loader_path/Frameworks",
				);
				PRODUCT_BUNDLE_IDENTIFIER = com.MyNewIOSProject.hackerAppUITests;
				PRODUCT_NAME = "$(TARGET_NAME)";
				SWIFT_VERSION = 5.0;
				TARGETED_DEVICE_FAMILY = "1,2";
				TEST_TARGET_NAME = hackerApp;
			};
			name = Debug;
		};
		0447F59E273EC4A400E8B08E /* Release */ = {
			isa = XCBuildConfiguration;
			buildSettings = {
				ALWAYS_EMBED_SWIFT_STANDARD_LIBRARIES = YES;
				CODE_SIGN_STYLE = Automatic;
				DEVELOPMENT_TEAM = S37PCXXY8Q;
				INFOPLIST_FILE = hackerAppUITests/Info.plist;
				LD_RUNPATH_SEARCH_PATHS = (
					"$(inherited)",
					"@executable_path/Frameworks",
					"@loader_path/Frameworks",
				);
				PRODUCT_BUNDLE_IDENTIFIER = com.MyNewIOSProject.hackerAppUITests;
				PRODUCT_NAME = "$(TARGET_NAME)";
				SWIFT_VERSION = 5.0;
				TARGETED_DEVICE_FAMILY = "1,2";
				TEST_TARGET_NAME = hackerApp;
			};
			name = Release;
		};
/* End XCBuildConfiguration section */

/* Begin XCConfigurationList section */
		0447F567273EC4A000E8B08E /* Build configuration list for PBXProject "SomethingToWatch" */ = {
			isa = XCConfigurationList;
			buildConfigurations = (
				0447F594273EC4A400E8B08E /* Debug */,
				0447F595273EC4A400E8B08E /* Release */,
			);
			defaultConfigurationIsVisible = 0;
			defaultConfigurationName = Release;
		};
		0447F596273EC4A400E8B08E /* Build configuration list for PBXNativeTarget "SomethingToWatch" */ = {
			isa = XCConfigurationList;
			buildConfigurations = (
				0447F597273EC4A400E8B08E /* Debug */,
				0447F598273EC4A400E8B08E /* Release */,
			);
			defaultConfigurationIsVisible = 0;
			defaultConfigurationName = Release;
		};
		0447F599273EC4A400E8B08E /* Build configuration list for PBXNativeTarget "SomethingToWatchTests" */ = {
			isa = XCConfigurationList;
			buildConfigurations = (
				0447F59A273EC4A400E8B08E /* Debug */,
				0447F59B273EC4A400E8B08E /* Release */,
			);
			defaultConfigurationIsVisible = 0;
			defaultConfigurationName = Release;
		};
		0447F59C273EC4A400E8B08E /* Build configuration list for PBXNativeTarget "SomethingToWatchUITests" */ = {
			isa = XCConfigurationList;
			buildConfigurations = (
				0447F59D273EC4A400E8B08E /* Debug */,
				0447F59E273EC4A400E8B08E /* Release */,
			);
			defaultConfigurationIsVisible = 0;
			defaultConfigurationName = Release;
		};
/* End XCConfigurationList section */
	};
	rootObject = 0447F564273EC4A000E8B08E /* Project object */;
}
